
Microsoft Visual Studio Solution File, Format Version 12.00
# Visual Studio 15
VisualStudioVersion = 15.0.28307.102
MinimumVisualStudioVersion = 10.0.40219.1
Project("{2150E333-8FDC-42A3-9474-1A3956D46DE8}") = "test", "test", "{03BA4C0A-B8F5-450A-96D7-5FD03646A323}"
EndProject
Project("{2150E333-8FDC-42A3-9474-1A3956D46DE8}") = "business", "business", "{ADEAF2BD-A09E-4AFC-A8BB-8DDFE555DF5F}"
EndProject
Project("{9A19103F-16F7-4668-BE54-9A1E7A4F7556}") = "IFInsurance.Library", "business\InsuranceLibrary\IFInsurance.Library.csproj", "{4AF0011F-FDE4-470C-A7BF-5E8B937F212D}"
EndProject
Project("{9A19103F-16F7-4668-BE54-9A1E7A4F7556}") = "IFInsurance.Service", "business\Insurance.Service\IFInsurance.Service.csproj", "{7870665C-E9D2-4968-922A-F4E55981CB5F}"
EndProject
Project("{9A19103F-16F7-4668-BE54-9A1E7A4F7556}") = "IFInsurance.Common", "business\Insurance.Common\IFInsurance.Common.csproj", "{43208F98-C5CB-4034-A51D-E64A698BD21F}"
EndProject
Project("{9A19103F-16F7-4668-BE54-9A1E7A4F7556}") = "IFInsurance.Service.Test", "test\InsuranceLibrary.Test\IFInsurance.Service.Test.csproj", "{9C0F89CE-9708-4E84-9C3A-44FBA6776C5A}"
EndProject
Project("{9A19103F-16F7-4668-BE54-9A1E7A4F7556}") = "IFInsurance.ObjectBuilder", "test\Insurance.ObjectBuilder\IFInsurance.ObjectBuilder.csproj", "{70B9FEC7-0452-4E7D-A025-3A1F3AE46725}"
EndProject
Global
	GlobalSection(SolutionConfigurationPlatforms) = preSolution
		Debug|Any CPU = Debug|Any CPU
		Release|Any CPU = Release|Any CPU
	EndGlobalSection
	GlobalSection(ProjectConfigurationPlatforms) = postSolution
		{4AF0011F-FDE4-470C-A7BF-5E8B937F212D}.Debug|Any CPU.ActiveCfg = Debug|Any CPU
		{4AF0011F-FDE4-470C-A7BF-5E8B937F212D}.Debug|Any CPU.Build.0 = Debug|Any CPU
		{4AF0011F-FDE4-470C-A7BF-5E8B937F212D}.Release|Any CPU.ActiveCfg = Release|Any CPU
		{4AF0011F-FDE4-470C-A7BF-5E8B937F212D}.Release|Any CPU.Build.0 = Release|Any CPU
		{7870665C-E9D2-4968-922A-F4E55981CB5F}.Debug|Any CPU.ActiveCfg = Debug|Any CPU
		{7870665C-E9D2-4968-922A-F4E55981CB5F}.Debug|Any CPU.Build.0 = Debug|Any CPU
		{7870665C-E9D2-4968-922A-F4E55981CB5F}.Release|Any CPU.ActiveCfg = Release|Any CPU
		{7870665C-E9D2-4968-922A-F4E55981CB5F}.Release|Any CPU.Build.0 = Release|Any CPU
		{43208F98-C5CB-4034-A51D-E64A698BD21F}.Debug|Any CPU.ActiveCfg = Debug|Any CPU
		{43208F98-C5CB-4034-A51D-E64A698BD21F}.Debug|Any CPU.Build.0 = Debug|Any CPU
		{43208F98-C5CB-4034-A51D-E64A698BD21F}.Release|Any CPU.ActiveCfg = Release|Any CPU
		{43208F98-C5CB-4034-A51D-E64A698BD21F}.Release|Any CPU.Build.0 = Release|Any CPU
		{9C0F89CE-9708-4E84-9C3A-44FBA6776C5A}.Debug|Any CPU.ActiveCfg = Debug|Any CPU
		{9C0F89CE-9708-4E84-9C3A-44FBA6776C5A}.Debug|Any CPU.Build.0 = Debug|Any CPU
		{9C0F89CE-9708-4E84-9C3A-44FBA6776C5A}.Release|Any CPU.ActiveCfg = Release|Any CPU
		{9C0F89CE-9708-4E84-9C3A-44FBA6776C5A}.Release|Any CPU.Build.0 = Release|Any CPU
		{70B9FEC7-0452-4E7D-A025-3A1F3AE46725}.Debug|Any CPU.ActiveCfg = Debug|Any CPU
		{70B9FEC7-0452-4E7D-A025-3A1F3AE46725}.Debug|Any CPU.Build.0 = Debug|Any CPU
		{70B9FEC7-0452-4E7D-A025-3A1F3AE46725}.Release|Any CPU.ActiveCfg = Release|Any CPU
		{70B9FEC7-0452-4E7D-A025-3A1F3AE46725}.Release|Any CPU.Build.0 = Release|Any CPU
	EndGlobalSection
	GlobalSection(SolutionProperties) = preSolution
		HideSolutionNode = FALSE
	EndGlobalSection
	GlobalSection(NestedProjects) = preSolution
		{4AF0011F-FDE4-470C-A7BF-5E8B937F212D} = {ADEAF2BD-A09E-4AFC-A8BB-8DDFE555DF5F}
		{7870665C-E9D2-4968-922A-F4E55981CB5F} = {ADEAF2BD-A09E-4AFC-A8BB-8DDFE555DF5F}
		{43208F98-C5CB-4034-A51D-E64A698BD21F} = {ADEAF2BD-A09E-4AFC-A8BB-8DDFE555DF5F}
		{9C0F89CE-9708-4E84-9C3A-44FBA6776C5A} = {03BA4C0A-B8F5-450A-96D7-5FD03646A323}
		{70B9FEC7-0452-4E7D-A025-3A1F3AE46725} = {03BA4C0A-B8F5-450A-96D7-5FD03646A323}
	EndGlobalSection
	GlobalSection(ExtensibilityGlobals) = postSolution
		SolutionGuid = {5F65431C-AB2B-4D53-8E14-090B34F53102}
	EndGlobalSection
EndGlobal
